{
  "pins" : [
    {
      "identity" : "swiftui-api-interface",
      "kind" : "remoteSourceControl",
      "location" : "https://github.com/glasfisch3000/swiftui-api-interface.git",
      "state" : {
        "branch" : "main",
        "revision" : "55353342bf114f82647a39314a4a67b7bba397c8"
      }
    }
  ],
  "version" : 2
}
